
Microsoft Visual Studio Solution File, Format Version 12.00
# Visual Studio Version 16
VisualStudioVersion = 16.0.30413.136
MinimumVisualStudioVersion = 10.0.40219.1
Project("{FAE04EC0-301F-11D3-BF4B-00C04F79EFBC}") = "HelloWorld", "HelloWorld\HelloWorld.csproj", "{11D9C77C-FE91-4072-8123-324DED980C70}"
EndProject
Global
	GlobalSection(SolutionConfigurationPlatforms) = preSolution
		Debug|Any CPU = Debug|Any CPU
		Release|Any CPU = Release|Any CPU
	EndGlobalSection
	GlobalSection(ProjectConfigurationPlatforms) = postSolution
		{11D9C77C-FE91-4072-8123-324DED980C70}.Debug|Any CPU.ActiveCfg = Debug|Any CPU
		{11D9C77C-FE91-4072-8123-324DED980C70}.Debug|Any CPU.Build.0 = Debug|Any CPU
		{11D9C77C-FE91-4072-8123-324DED980C70}.Release|Any CPU.ActiveCfg = Release|Any CPU
		{11D9C77C-FE91-4072-8123-324DED980C70}.Release|Any CPU.Build.0 = Release|Any CPU
	EndGlobalSection
	GlobalSection(SolutionProperties) = preSolution
		HideSolutionNode = FALSE
	EndGlobalSection
	GlobalSection(ExtensibilityGlobals) = postSolution
		SolutionGuid = {DBF082BC-9CF9-463F-95D9-171B99347E85}
	EndGlobalSection
EndGlobal
